// !$*UTF8*$!
{
	archiveVersion = 1;
	classes = {
	};
	objectVersion = 48;
	objects = {

/* Begin PBXBuildFile section */
		61FD7158EE3E13499FD8D787 /* Pods_FireChat.framework in Frameworks */ = {isa = PBXBuildFile; fileRef = CDA47E8B6447BF879C5E164D /* Pods_FireChat.framework */; };
		CD3FF0101FE07DD7002C432D /* AppDelegate.swift in Sources */ = {isa = PBXBuildFile; fileRef = CD3FF00F1FE07DD7002C432D /* AppDelegate.swift */; };
		CD3FF0121FE07DD7002C432D /* WelcomeViewController.swift in Sources */ = {isa = PBXBuildFile; fileRef = CD3FF0111FE07DD7002C432D /* WelcomeViewController.swift */; };
		CD3FF0151FE07DD7002C432D /* Main.storyboard in Resources */ = {isa = PBXBuildFile; fileRef = CD3FF0131FE07DD7002C432D /* Main.storyboard */; };
		CD3FF0171FE07DD7002C432D /* Assets.xcassets in Resources */ = {isa = PBXBuildFile; fileRef = CD3FF0161FE07DD7002C432D /* Assets.xcassets */; };
		CD3FF01A1FE07DD7002C432D /* LaunchScreen.storyboard in Resources */ = {isa = PBXBuildFile; fileRef = CD3FF0181FE07DD7002C432D /* LaunchScreen.storyboard */; };
		CD3FF0221FE07E25002C432D /* GoogleService-Info.plist in Resources */ = {isa = PBXBuildFile; fileRef = CD3FF0211FE07E25002C432D /* GoogleService-Info.plist */; };
		CD3FF0251FE0894D002C432D /* LogInViewController.swift in Sources */ = {isa = PBXBuildFile; fileRef = CD3FF0241FE0894D002C432D /* LogInViewController.swift */; };
		CD3FF0281FE089A7002C432D /* RegisterViewController.swift in Sources */ = {isa = PBXBuildFile; fileRef = CD3FF0271FE089A7002C432D /* RegisterViewController.swift */; };
		CD3FF02A1FE089B1002C432D /* ChatViewController.swift in Sources */ = {isa = PBXBuildFile; fileRef = CD3FF0291FE089B1002C432D /* ChatViewController.swift */; };
		CD4474A41FE341B4007F58B0 /* Message.swift in Sources */ = {isa = PBXBuildFile; fileRef = CD4474A31FE341B4007F58B0 /* Message.swift */; };
		CDA03FA71FE1D4B30035C224 /* CustomTableViewCell.swift in Sources */ = {isa = PBXBuildFile; fileRef = CDA03FA51FE1D4B30035C224 /* CustomTableViewCell.swift */; };
		CDA03FA81FE1D4B30035C224 /* CustomTableViewCell.xib in Resources */ = {isa = PBXBuildFile; fileRef = CDA03FA61FE1D4B30035C224 /* CustomTableViewCell.xib */; };
/* End PBXBuildFile section */

/* Begin PBXFileReference section */
		038E5E4322711EEC5AB7242F /* Pods-FireChat.release.xcconfig */ = {isa = PBXFileReference; includeInIndex = 1; lastKnownFileType = text.xcconfig; name = "Pods-FireChat.release.xcconfig"; path = "Pods/Target Support Files/Pods-FireChat/Pods-FireChat.release.xcconfig"; sourceTree = "<group>"; };
		65FB347EE3AC4060B193366B /* Pods-FireChat.debug.xcconfig */ = {isa = PBXFileReference; includeInIndex = 1; lastKnownFileType = text.xcconfig; name = "Pods-FireChat.debug.xcconfig"; path = "Pods/Target Support Files/Pods-FireChat/Pods-FireChat.debug.xcconfig"; sourceTree = "<group>"; };
		CD3FF00C1FE07DD7002C432D /* FireChat.app */ = {isa = PBXFileReference; explicitFileType = wrapper.application; includeInIndex = 0; path = FireChat.app; sourceTree = BUILT_PRODUCTS_DIR; };
		CD3FF00F1FE07DD7002C432D /* AppDelegate.swift */ = {isa = PBXFileReference; lastKnownFileType = sourcecode.swift; path = AppDelegate.swift; sourceTree = "<group>"; };
		CD3FF0111FE07DD7002C432D /* WelcomeViewController.swift */ = {isa = PBXFileReference; lastKnownFileType = sourcecode.swift; path = WelcomeViewController.swift; sourceTree = "<group>"; };
		CD3FF0141FE07DD7002C432D /* Base */ = {isa = PBXFileReference; lastKnownFileType = file.storyboard; name = Base; path = Base.lproj/Main.storyboard; sourceTree = "<group>"; };
		CD3FF0161FE07DD7002C432D /* Assets.xcassets */ = {isa = PBXFileReference; lastKnownFileType = folder.assetcatalog; path = Assets.xcassets; sourceTree = "<group>"; };
		CD3FF0191FE07DD7002C432D /* Base */ = {isa = PBXFileReference; lastKnownFileType = file.storyboard; name = Base; path = Base.lproj/LaunchScreen.storyboard; sourceTree = "<group>"; };
		CD3FF01B1FE07DD7002C432D /* Info.plist */ = {isa = PBXFileReference; lastKnownFileType = text.plist.xml; path = Info.plist; sourceTree = "<group>"; };
		CD3FF0211FE07E25002C432D /* GoogleService-Info.plist */ = {isa = PBXFileReference; fileEncoding = 4; lastKnownFileType = text.plist.xml; path = "GoogleService-Info.plist"; sourceTree = "<group>"; };
		CD3FF0241FE0894D002C432D /* LogInViewController.swift */ = {isa = PBXFileReference; lastKnownFileType = sourcecode.swift; path = LogInViewController.swift; sourceTree = "<group>"; };
		CD3FF0271FE089A7002C432D /* RegisterViewController.swift */ = {isa = PBXFileReference; lastKnownFileType = sourcecode.swift; path = RegisterViewController.swift; sourceTree = "<group>"; };
		CD3FF0291FE089B1002C432D /* ChatViewController.swift */ = {isa = PBXFileReference; lastKnownFileType = sourcecode.swift; path = ChatViewController.swift; sourceTree = "<group>"; };
		CD4474A31FE341B4007F58B0 /* Message.swift */ = {isa = PBXFileReference; lastKnownFileType = sourcecode.swift; path = Message.swift; sourceTree = "<group>"; };
		CDA03FA51FE1D4B30035C224 /* CustomTableViewCell.swift */ = {isa = PBXFileReference; lastKnownFileType = sourcecode.swift; path = CustomTableViewCell.swift; sourceTree = "<group>"; };
		CDA03FA61FE1D4B30035C224 /* CustomTableViewCell.xib */ = {isa = PBXFileReference; lastKnownFileType = file.xib; path = CustomTableViewCell.xib; sourceTree = "<group>"; };
		CDA47E8B6447BF879C5E164D /* Pods_FireChat.framework */ = {isa = PBXFileReference; explicitFileType = wrapper.framework; includeInIndex = 0; path = Pods_FireChat.framework; sourceTree = BUILT_PRODUCTS_DIR; };
/* End PBXFileReference section */

/* Begin PBXFrameworksBuildPhase section */
		CD3FF0091FE07DD7002C432D /* Frameworks */ = {
			isa = PBXFrameworksBuildPhase;
			buildActionMask = 2147483647;
			files = (
				61FD7158EE3E13499FD8D787 /* Pods_FireChat.framework in Frameworks */,
			);
			runOnlyForDeploymentPostprocessing = 0;
		};
/* End PBXFrameworksBuildPhase section */

/* Begin PBXGroup section */
		35AC1BCB44892B020736FF43 /* Pods */ = {
			isa = PBXGroup;
			children = (
				65FB347EE3AC4060B193366B /* Pods-FireChat.debug.xcconfig */,
				038E5E4322711EEC5AB7242F /* Pods-FireChat.release.xcconfig */,
			);
			name = Pods;
			sourceTree = "<group>";
		};
		CD3FF0031FE07DD7002C432D = {
			isa = PBXGroup;
			children = (
				CD3FF00E1FE07DD7002C432D /* FireChat */,
				CD3FF00D1FE07DD7002C432D /* Products */,
				35AC1BCB44892B020736FF43 /* Pods */,
				D17F909814AD327400C68440 /* Frameworks */,
			);
			sourceTree = "<group>";
		};
		CD3FF00D1FE07DD7002C432D /* Products */ = {
			isa = PBXGroup;
			children = (
				CD3FF00C1FE07DD7002C432D /* FireChat.app */,
			);
			name = Products;
			sourceTree = "<group>";
		};
		CD3FF00E1FE07DD7002C432D /* FireChat */ = {
			isa = PBXGroup;
			children = (
				CD3FF0131FE07DD7002C432D /* Main.storyboard */,
				CD3FF00F1FE07DD7002C432D /* AppDelegate.swift */,
				CD3FF0111FE07DD7002C432D /* WelcomeViewController.swift */,
				CD3FF0241FE0894D002C432D /* LogInViewController.swift */,
				CD3FF0271FE089A7002C432D /* RegisterViewController.swift */,
				CD3FF0291FE089B1002C432D /* ChatViewController.swift */,
				CD3FF0231FE07E2B002C432D /* Support Files */,
				CDA03FA51FE1D4B30035C224 /* CustomTableViewCell.swift */,
				CDA03FA61FE1D4B30035C224 /* CustomTableViewCell.xib */,
				CD4474A31FE341B4007F58B0 /* Message.swift */,
			);
			path = FireChat;
			sourceTree = "<group>";
		};
		CD3FF0231FE07E2B002C432D /* Support Files */ = {
			isa = PBXGroup;
			children = (
				CD3FF0211FE07E25002C432D /* GoogleService-Info.plist */,
				CD3FF01B1FE07DD7002C432D /* Info.plist */,
				CD3FF0181FE07DD7002C432D /* LaunchScreen.storyboard */,
				CD3FF0161FE07DD7002C432D /* Assets.xcassets */,
			);
			name = "Support Files";
			sourceTree = "<group>";
		};
		D17F909814AD327400C68440 /* Frameworks */ = {
			isa = PBXGroup;
			children = (
				CDA47E8B6447BF879C5E164D /* Pods_FireChat.framework */,
			);
			name = Frameworks;
			sourceTree = "<group>";
		};
/* End PBXGroup section */

/* Begin PBXNativeTarget section */
		CD3FF00B1FE07DD7002C432D /* FireChat */ = {
			isa = PBXNativeTarget;
			buildConfigurationList = CD3FF01E1FE07DD7002C432D /* Build configuration list for PBXNativeTarget "FireChat" */;
			buildPhases = (
				F922774B8CA2B9C9F91B83EE /* [CP] Check Pods Manifest.lock */,
				CD3FF0081FE07DD7002C432D /* Sources */,
				CD3FF0091FE07DD7002C432D /* Frameworks */,
				CD3FF00A1FE07DD7002C432D /* Resources */,
				D715495014A08FC1109E13C5 /* [CP] Embed Pods Frameworks */,
				3736E776300BFF6C352B7FE3 /* [CP] Copy Pods Resources */,
			);
			buildRules = (
			);
			dependencies = (
			);
			name = FireChat;
			productName = FireChat;
			productReference = CD3FF00C1FE07DD7002C432D /* FireChat.app */;
			productType = "com.apple.product-type.application";
		};
/* End PBXNativeTarget section */

/* Begin PBXProject section */
		CD3FF0041FE07DD7002C432D /* Project object */ = {
			isa = PBXProject;
			attributes = {
				LastSwiftUpdateCheck = 0910;
				LastUpgradeCheck = 0910;
				ORGANIZATIONNAME = "Javier Calderon";
				TargetAttributes = {
					CD3FF00B1FE07DD7002C432D = {
						CreatedOnToolsVersion = 9.1;
						ProvisioningStyle = Automatic;
					};
				};
			};
			buildConfigurationList = CD3FF0071FE07DD7002C432D /* Build configuration list for PBXProject "FireChat" */;
			compatibilityVersion = "Xcode 8.0";
			developmentRegion = en;
			hasScannedForEncodings = 0;
			knownRegions = (
				en,
				Base,
			);
			mainGroup = CD3FF0031FE07DD7002C432D;
			productRefGroup = CD3FF00D1FE07DD7002C432D /* Products */;
			projectDirPath = "";
			projectRoot = "";
			targets = (
				CD3FF00B1FE07DD7002C432D /* FireChat */,
			);
		};
/* End PBXProject section */

/* Begin PBXResourcesBuildPhase section */
		CD3FF00A1FE07DD7002C432D /* Resources */ = {
			isa = PBXResourcesBuildPhase;
			buildActionMask = 2147483647;
			files = (
				CD3FF01A1FE07DD7002C432D /* LaunchScreen.storyboard in Resources */,
				CD3FF0221FE07E25002C432D /* GoogleService-Info.plist in Resources */,
				CD3FF0171FE07DD7002C432D /* Assets.xcassets in Resources */,
				CDA03FA81FE1D4B30035C224 /* CustomTableViewCell.xib in Resources */,
				CD3FF0151FE07DD7002C432D /* Main.storyboard in Resources */,
			);
			runOnlyForDeploymentPostprocessing = 0;
		};
/* End PBXResourcesBuildPhase section */

/* Begin PBXShellScriptBuildPhase section */
		3736E776300BFF6C352B7FE3 /* [CP] Copy Pods Resources */ = {
			isa = PBXShellScriptBuildPhase;
			buildActionMask = 2147483647;
			files = (
			);
			inputPaths = (
			);
			name = "[CP] Copy Pods Resources";
			outputPaths = (
			);
			runOnlyForDeploymentPostprocessing = 0;
			shellPath = /bin/sh;
			shellScript = "\"${SRCROOT}/Pods/Target Support Files/Pods-FireChat/Pods-FireChat-resources.sh\"\n";
			showEnvVarsInLog = 0;
		};
		D715495014A08FC1109E13C5 /* [CP] Embed Pods Frameworks */ = {
			isa = PBXShellScriptBuildPhase;
			buildActionMask = 2147483647;
			files = (
			);
			inputPaths = (
				"${SRCROOT}/Pods/Target Support Files/Pods-FireChat/Pods-FireChat-frameworks.sh",
				"${BUILT_PRODUCTS_DIR}/GTMSessionFetcher/GTMSessionFetcher.framework",
				"${BUILT_PRODUCTS_DIR}/GoogleToolboxForMac/GoogleToolboxForMac.framework",
				"${BUILT_PRODUCTS_DIR}/leveldb-library/leveldb.framework",
				"${BUILT_PRODUCTS_DIR}/nanopb/nanopb.framework",
			);
			name = "[CP] Embed Pods Frameworks";
			outputPaths = (
				"${TARGET_BUILD_DIR}/${FRAMEWORKS_FOLDER_PATH}/GTMSessionFetcher.framework",
				"${TARGET_BUILD_DIR}/${FRAMEWORKS_FOLDER_PATH}/GoogleToolboxForMac.framework",
				"${TARGET_BUILD_DIR}/${FRAMEWORKS_FOLDER_PATH}/leveldb.framework",
				"${TARGET_BUILD_DIR}/${FRAMEWORKS_FOLDER_PATH}/nanopb.framework",
			);
			runOnlyForDeploymentPostprocessing = 0;
			shellPath = /bin/sh;
			shellScript = "\"${SRCROOT}/Pods/Target Support Files/Pods-FireChat/Pods-FireChat-frameworks.sh\"\n";
			showEnvVarsInLog = 0;
		};
		F922774B8CA2B9C9F91B83EE /* [CP] Check Pods Manifest.lock */ = {
			isa = PBXShellScriptBuildPhase;
			buildActionMask = 2147483647;
			files = (
			);
			inputPaths = (
				"${PODS_PODFILE_DIR_PATH}/Podfile.lock",
				"${PODS_ROOT}/Manifest.lock",
			);
			name = "[CP] Check Pods Manifest.lock";
			outputPaths = (
				"$(DERIVED_FILE_DIR)/Pods-FireChat-checkManifestLockResult.txt",
			);
			runOnlyForDeploymentPostprocessing = 0;
			shellPath = /bin/sh;
			shellScript = "diff \"${PODS_PODFILE_DIR_PATH}/Podfile.lock\" \"${PODS_ROOT}/Manifest.lock\" > /dev/null\nif [ $? != 0 ] ; then\n    # print error to STDERR\n    echo \"error: The sandbox is not in sync with the Podfile.lock. Run 'pod install' or update your CocoaPods installation.\" >&2\n    exit 1\nfi\n# This output is used by Xcode 'outputs' to avoid re-running this script phase.\necho \"SUCCESS\" > \"${SCRIPT_OUTPUT_FILE_0}\"\n";
			showEnvVarsInLog = 0;
		};
/* End PBXShellScriptBuildPhase section */

/* Begin PBXSourcesBuildPhase section */
		CD3FF0081FE07DD7002C432D /* Sources */ = {
			isa = PBXSourcesBuildPhase;
			buildActionMask = 2147483647;
			files = (
				CDA03FA71FE1D4B30035C224 /* CustomTableViewCell.swift in Sources */,
				CD3FF0121FE07DD7002C432D /* WelcomeViewController.swift in Sources */,
				CD3FF0101FE07DD7002C432D /* AppDelegate.swift in Sources */,
				CD3FF0251FE0894D002C432D /* LogInViewController.swift in Sources */,
				CD3FF02A1FE089B1002C432D /* ChatViewController.swift in Sources */,
				CD3FF0281FE089A7002C432D /* RegisterViewController.swift in Sources */,
				CD4474A41FE341B4007F58B0 /* Message.swift in Sources */,
			);
			runOnlyForDeploymentPostprocessing = 0;
		};
/* End PBXSourcesBuildPhase section */

/* Begin PBXVariantGroup section */
		CD3FF0131FE07DD7002C432D /* Main.storyboard */ = {
			isa = PBXVariantGroup;
			children = (
				CD3FF0141FE07DD7002C432D /* Base */,
			);
			name = Main.storyboard;
			sourceTree = "<group>";
		};
		CD3FF0181FE07DD7002C432D /* LaunchScreen.storyboard */ = {
			isa = PBXVariantGroup;
			children = (
				CD3FF0191FE07DD7002C432D /* Base */,
			);
			name = LaunchScreen.storyboard;
			sourceTree = "<group>";
		};
/* End PBXVariantGroup section */

/* Begin XCBuildConfiguration section */
		CD3FF01C1FE07DD7002C432D /* Debug */ = {
			isa = XCBuildConfiguration;
			buildSettings = {
				ALWAYS_SEARCH_USER_PATHS = NO;
				CLANG_ANALYZER_NONNULL = YES;
				CLANG_ANALYZER_NUMBER_OBJECT_CONVERSION = YES_AGGRESSIVE;
				CLANG_CXX_LANGUAGE_STANDARD = "gnu++14";
				CLANG_CXX_LIBRARY = "libc++";
				CLANG_ENABLE_MODULES = YES;
				CLANG_ENABLE_OBJC_ARC = YES;
				CLANG_WARN_BLOCK_CAPTURE_AUTORELEASING = YES;
				CLANG_WARN_BOOL_CONVERSION = YES;
				CLANG_WARN_COMMA = YES;
				CLANG_WARN_CONSTANT_CONVERSION = YES;
				CLANG_WARN_DIRECT_OBJC_ISA_USAGE = YES_ERROR;
				CLANG_WARN_DOCUMENTATION_COMMENTS = YES;
				CLANG_WARN_EMPTY_BODY = YES;
				CLANG_WARN_ENUM_CONVERSION = YES;
				CLANG_WARN_INFINITE_RECURSION = YES;
				CLANG_WARN_INT_CONVERSION = YES;
				CLANG_WARN_NON_LITERAL_NULL_CONVERSION = YES;
				CLANG_WARN_OBJC_LITERAL_CONVERSION = YES;
				CLANG_WARN_OBJC_ROOT_CLASS = YES_ERROR;
				CLANG_WARN_RANGE_LOOP_ANALYSIS = YES;
				CLANG_WARN_STRICT_PROTOTYPES = YES;
				CLANG_WARN_SUSPICIOUS_MOVE = YES;
				CLANG_WARN_UNGUARDED_AVAILABILITY = YES_AGGRESSIVE;
				CLANG_WARN_UNREACHABLE_CODE = YES;
				CLANG_WARN__DUPLICATE_METHOD_MATCH = YES;
				CODE_SIGN_IDENTITY = "iPhone Developer";
				COPY_PHASE_STRIP = NO;
				DEBUG_INFORMATION_FORMAT = dwarf;
				ENABLE_STRICT_OBJC_MSGSEND = YES;
				ENABLE_TESTABILITY = YES;
				GCC_C_LANGUAGE_STANDARD = gnu11;
				GCC_DYNAMIC_NO_PIC = NO;
				GCC_NO_COMMON_BLOCKS = YES;
				GCC_OPTIMIZATION_LEVEL = 0;
				GCC_PREPROCESSOR_DEFINITIONS = (
					"DEBUG=1",
					"$(inherited)",
				);
				GCC_WARN_64_TO_32_BIT_CONVERSION = YES;
				GCC_WARN_ABOUT_RETURN_TYPE = YES_ERROR;
				GCC_WARN_UNDECLARED_SELECTOR = YES;
				GCC_WARN_UNINITIALIZED_AUTOS = YES_AGGRESSIVE;
				GCC_WARN_UNUSED_FUNCTION = YES;
				GCC_WARN_UNUSED_VARIABLE = YES;
				IPHONEOS_DEPLOYMENT_TARGET = 11.1;
				MTL_ENABLE_DEBUG_INFO = YES;
				ONLY_ACTIVE_ARCH = YES;
				SDKROOT = iphoneos;
				SWIFT_ACTIVE_COMPILATION_CONDITIONS = DEBUG;
				SWIFT_OPTIMIZATION_LEVEL = "-Onone";
			};
			name = Debug;
		};
		CD3FF01D1FE07DD7002C432D /* Release */ = {
			isa = XCBuildConfiguration;
			buildSettings = {
				ALWAYS_SEARCH_USER_PATHS = NO;
				CLANG_ANALYZER_NONNULL = YES;
				CLANG_ANALYZER_NUMBER_OBJECT_CONVERSION = YES_AGGRESSIVE;
				CLANG_CXX_LANGUAGE_STANDARD = "gnu++14";
				CLANG_CXX_LIBRARY = "libc++";
				CLANG_ENABLE_MODULES = YES;
				CLANG_ENABLE_OBJC_ARC = YES;
				CLANG_WARN_BLOCK_CAPTURE_AUTORELEASING = YES;
				CLANG_WARN_BOOL_CONVERSION = YES;
				CLANG_WARN_COMMA = YES;
				CLANG_WARN_CONSTANT_CONVERSION = YES;
				CLANG_WARN_DIRECT_OBJC_ISA_USAGE = YES_ERROR;
				CLANG_WARN_DOCUMENTATION_COMMENTS = YES;
				CLANG_WARN_EMPTY_BODY = YES;
				CLANG_WARN_ENUM_CONVERSION = YES;
				CLANG_WARN_INFINITE_RECURSION = YES;
				CLANG_WARN_INT_CONVERSION = YES;
				CLANG_WARN_NON_LITERAL_NULL_CONVERSION = YES;
				CLANG_WARN_OBJC_LITERAL_CONVERSION = YES;
				CLANG_WARN_OBJC_ROOT_CLASS = YES_ERROR;
				CLANG_WARN_RANGE_LOOP_ANALYSIS = YES;
				CLANG_WARN_STRICT_PROTOTYPES = YES;
				CLANG_WARN_SUSPICIOUS_MOVE = YES;
				CLANG_WARN_UNGUARDED_AVAILABILITY = YES_AGGRESSIVE;
				CLANG_WARN_UNREACHABLE_CODE = YES;
				CLANG_WARN__DUPLICATE_METHOD_MATCH = YES;
				CODE_SIGN_IDENTITY = "iPhone Developer";
				COPY_PHASE_STRIP = NO;
				DEBUG_INFORMATION_FORMAT = "dwarf-with-dsym";
				ENABLE_NS_ASSERTIONS = NO;
				ENABLE_STRICT_OBJC_MSGSEND = YES;
				GCC_C_LANGUAGE_STANDARD = gnu11;
				GCC_NO_COMMON_BLOCKS = YES;
				GCC_WARN_64_TO_32_BIT_CONVERSION = YES;
				GCC_WARN_ABOUT_RETURN_TYPE = YES_ERROR;
				GCC_WARN_UNDECLARED_SELECTOR = YES;
				GCC_WARN_UNINITIALIZED_AUTOS = YES_AGGRESSIVE;
				GCC_WARN_UNUSED_FUNCTION = YES;
				GCC_WARN_UNUSED_VARIABLE = YES;
				IPHONEOS_DEPLOYMENT_TARGET = 11.1;
				MTL_ENABLE_DEBUG_INFO = NO;
				SDKROOT = iphoneos;
				SWIFT_OPTIMIZATION_LEVEL = "-Owholemodule";
				VALIDATE_PRODUCT = YES;
			};
			name = Release;
		};
		CD3FF01F1FE07DD7002C432D /* Debug */ = {
			isa = XCBuildConfiguration;
			baseConfigurationReference = 65FB347EE3AC4060B193366B /* Pods-FireChat.debug.xcconfig */;
			buildSettings = {
				ASSETCATALOG_COMPILER_APPICON_NAME = AppIcon;
				CODE_SIGN_STYLE = Automatic;
				INFOPLIST_FILE = FireChat/Info.plist;
				LD_RUNPATH_SEARCH_PATHS = "$(inherited) @executable_path/Frameworks";
				PRODUCT_BUNDLE_IDENTIFIER = com.javierlcalderonm.FireChat;
				PRODUCT_NAME = "$(TARGET_NAME)";
				SWIFT_VERSION = 4.0;
				TARGETED_DEVICE_FAMILY = "1,2";
			};
			name = Debug;
		};
		CD3FF0201FE07DD7002C432D /* Release */ = {
			isa = XCBuildConfiguration;
			baseConfigurationReference = 038E5E4322711EEC5AB7242F /* Pods-FireChat.release.xcconfig */;
			buildSettings = {
				ASSETCATALOG_COMPILER_APPICON_NAME = AppIcon;
				CODE_SIGN_STYLE = Automatic;
				INFOPLIST_FILE = FireChat/Info.plist;
				LD_RUNPATH_SEARCH_PATHS = "$(inherited) @executable_path/Frameworks";
				PRODUCT_BUNDLE_IDENTIFIER = com.javierlcalderonm.FireChat;
				PRODUCT_NAME = "$(TARGET_NAME)";
				SWIFT_VERSION = 4.0;
				TARGETED_DEVICE_FAMILY = "1,2";
			};
			name = Release;
		};
/* End XCBuildConfiguration section */

/* Begin XCConfigurationList section */
		CD3FF0071FE07DD7002C432D /* Build configuration list for PBXProject "FireChat" */ = {
			isa = XCConfigurationList;
			buildConfigurations = (
				CD3FF01C1FE07DD7002C432D /* Debug */,
				CD3FF01D1FE07DD7002C432D /* Release */,
			);
			defaultConfigurationIsVisible = 0;
			defaultConfigurationName = Release;
		};
		CD3FF01E1FE07DD7002C432D /* Build configuration list for PBXNativeTarget "FireChat" */ = {
			isa = XCConfigurationList;
			buildConfigurations = (
				CD3FF01F1FE07DD7002C432D /* Debug */,
				CD3FF0201FE07DD7002C432D /* Release */,
			);
			defaultConfigurationIsVisible = 0;
			defaultConfigurationName = Release;
		};
/* End XCConfigurationList section */
	};
	rootObject = CD3FF0041FE07DD7002C432D /* Project object */;
}
